
Microsoft Visual Studio Solution File, Format Version 11.00
# Visual Studio 2010
Project("{4925A630-B079-445d-BCD4-3A9C94FE9307}") = "FSharp_Demo", "FSharp_Demo\FSharp_Demo.fsproj", "{ABF24E86-AA1F-4D29-BEF4-36D0391BC363}"
EndProject
Global
	GlobalSection(SolutionConfigurationPlatforms) = preSolution
		Debug|x86 = Debug|x86
		Release|x86 = Release|x86
	EndGlobalSection
	GlobalSection(ProjectConfigurationPlatforms) = postSolution
		{ABF24E86-AA1F-4D29-BEF4-36D0391BC363}.Debug|x86.ActiveCfg = Debug|x86
		{ABF24E86-AA1F-4D29-BEF4-36D0391BC363}.Debug|x86.Build.0 = Debug|x86
		{ABF24E86-AA1F-4D29-BEF4-36D0391BC363}.Release|x86.ActiveCfg = Release|x86
		{ABF24E86-AA1F-4D29-BEF4-36D0391BC363}.Release|x86.Build.0 = Release|x86
	EndGlobalSection
	GlobalSection(MonoDevelopProperties) = preSolution
		StartupItem = FSharp_Demo\FSharp_Demo.fsproj
	EndGlobalSection
EndGlobal
